github.com/davecgh/go-spew v1.1.1 h1:vj9j/u1bqnvCEfJOwUhtlOARqs3+rkHYY13jYWTU97c=
github.com/davecgh/go-spew v1.1.1/go.mod h1:J7Y8YcW2NihsgmVo/mv3lAwl/skON4iLHjSsI+c5H38=
github.com/google/uuid v1.6.0 h1:NIvaJDMOsjHA8n1jAhLSgzrAzy1Hgr+hNrb57e+94F0=
github.com/google/uuid v1.6.0/go.mod h1:TIyPZe4MgqvfeYDBFedMoGGpEw/LqOeaOT+nhxU+yHo=
github.com/pip-services4/pip-services4-go/pip-services4-commons-go v0.0.1-2 h1:RVkMACgpjRLaVsw4tSiiQTRlcZr93mE6bWGJVB7Zp8E=
github.com/pip-services4/pip-services4-go/pip-services4-commons-go v0.0.1-2/go.mod h1:nLoiJ/YX4OYLYPvCk5R32kjpmSRbb8LVHkEMwQQcGTI=
github.com/pip-services4/pip-services4-go/pip-services4-components-go v0.0.1-2 h1:iBd1h+A8AdsDZxRM98H14hVIFcJm62OqkS2JqA3Sg2w=
github.com/pip-services4/pip-services4-go/pip-services4-components-go v0.0.1-2/go.mod h1:aaUai6hws7dW2IbpGbKCcTrY9sV2hcU7NehIP4DLhFQ=
github.com/pip-services4/pip-services4-go/pip-services4-config-go v0.0.0-20240325121312-3b0195749a25 h1:dcrqJUHwY0mXEVh2FavyUNuE9t0M0RCuktZWdTUy/0k=
github.com/pip-services4/pip-services4-go/pip-services4-config-go v0.0.0-20240325121312-3b0195749a25/go.mod h1:OwefuH4IkHt6GHmZQ+57Mgz+jC6JwME99NfNudrh1eE=
github.com/pip-services4/pip-services4-go/pip-services4-container-go v0.0.0-20240325124437-23fd06915ec3 h1:Za2kAyzQP6Km6zteGg0VsByFTBPQL4Qd/cyoT7xq+k4=
github.com/pip-services4/pip-services4-go/pip-services4-container-go v0.0.0-20240325124437-23fd06915ec3/go.mod h1:R9rtZWzZ07pWrmfo97SSc8xOY9VlvRqKKl0XBhJe1bE=
github.com/pip-services4/pip-services4-go/pip-services4-data-go v0.0.1-2 h1:gaFOA9XL9CTBGTw0o7LjkWCgWC6dX+RN/1SH1pXtaJg=
github.com/pip-services4/pip-services4-go/pip-services4-data-go v0.0.1-2/go.mod h1:r87dnCIXGPbwtKUqXv4aDYL2P87ftyevudtVCTwJpXU=
github.com/pip-services4/pip-services4-go/pip-services4-expressions-go v0.0.1-2 h1:ez2GXaIq2jTHjqc2iYXlvIXPhOIhd8VkfWyCKDKIwz0=
github.com/pip-services4/pip-services4-go/pip-services4-expressions-go v0.0.1-2/go.mod h1:GuAalaDAXVKQDKJlyLxRwk/NMEeRdZ1DUKqfL7mr4vU=
github.com/pip-services4/pip-services4-go/pip-services4-http-go v0.0.1-4 h1:Z5JFTGFugoFraEZkAS6GElUIkycUf0LJVWd6/AftIQ4=
github.com/pip-services4/pip-services4-go/pip-services4-http-go v0.0.1-4/go.mod h1:RAWZ2UpqQg6xqvJxjPd591wvj7I6FdobqnXzEBFC88k=
github.com/pip-services4/pip-services4-go/pip-services4-logic-go v0.0.1-3 h1:P9zGSmnY7KKEaxf1K8n88mZtynyfM3XR0+PjztdjHrY=
github.com/pip-services4/pip-services4-go/pip-services4-logic-go v0.0.1-3/go.mod h1:qr6DEpN0D4TS1w+VZu6dx5VHNFo/XN5l/q2OTcK8DJo=
github.com/pip-services4/pip-services4-go/pip-services4-observability-go v0.0.1-3 h1:J9oNdirAcSFu2ktc/AWXJD2wfUCF2M6rHnI4N7l48kY=
github.com/pip-services4/pip-services4-go/pip-services4-observability-go v0.0.1-3/go.mod h1:b7zuaDOKLphzPozlynIq/Ub7HzgFqzozdSWPabT/bpc=
github.com/pip-services4/pip-services4-go/pip-services4-rpc-go v0.0.0-20240325124437-23fd06915ec3 h1:TxdqzPL2WxU5sbhk3nHRpkfBQLU97gIavIsNFLGx23M=
github.com/pip-services4/pip-services4-go/pip-services4-rpc-go v0.0.0-20240325124437-23fd06915ec3/go.mod h1:6lTyUf0vw3Dxw6KglOefioeSZ3PXC9gRtHF67G8zzpY=
github.com/pmezard/go-difflib v1.0.0 h1:4DBwDE0NGyQoBHbLQYPwSUPoCMWR5BEzIk/f1lZbAQM=
github.com/pmezard/go-difflib v1.0.0/go.mod h1:iKH77koFhYxTK1pcRnkKkqfTogsbg7gZNVY4sRDYZ/4=
github.com/rs/cors v1.9.0 h1:l9HGsTsHJcvW14Nk7J9KFz8bzeAWXn3CG6bgt7LsrAE=
github.com/rs/cors v1.9.0/go.mod h1:XyqrcTp5zjWr1wsJ8PIRZssZ8b/WMcMf71DJnit4EMU=
github.com/stretchr/testify v1.8.4 h1:CcVxjf3Q8PM0mHUKJCdn+eZZtm5yQwehR5yeSVQQcUk=
github.com/stretchr/testify v1.8.4/go.mod h1:sz/lmYIOXD/1dqDmKjjqLyZ2RngseejIcXlSw2iwfAo=
goji.io v2.0.2+incompatible h1:uIssv/elbKRLznFUy3Xj4+2Mz/qKhek/9aZQDUMae7c=
goji.io v2.0.2+incompatible/go.mod h1:sbqFwrtqZACxLBTQcdgVjFh54yGVCvwq8+w49MVMMIk=
gopkg.in/check.v1 v0.0.0-20161208181325-20d25e280405 h1:yhCVgyC4o1eVCa2tZl7eS0r+SDo693bJlVdllGtEeKM=
gopkg.in/check.v1 v0.0.0-20161208181325-20d25e280405/go.mod h1:Co6ibVJAznAaIkqp8huTwlJQCZ016jof/cbN4VW5Yz0=
gopkg.in/yaml.v2 v2.4.0 h1:D8xgwECY7CYvx+Y2n4sBz93Jn9JRvxdiyyo8CTfuKaY=
gopkg.in/yaml.v2 v2.4.0/go.mod h1:RDklbk79AGWmwhnvt/jBztapEOGDOx6ZbXqjP6csGnQ=
gopkg.in/yaml.v3 v3.0.1 h1:fxVm/GzAzEWqLHuvctI91KS9hhNmmWOoWu0XTYJS7CA=
gopkg.in/yaml.v3 v3.0.1/go.mod h1:K4uyk7z7BCEPqu6E+C64Yfv1cQ7kz7rIZviUmN+EgEM=
