github.com/davecgh/go-spew v1.1.1 h1:vj9j/u1bqnvCEfJOwUhtlOARqs3+rkHYY13jYWTU97c=
github.com/davecgh/go-spew v1.1.1/go.mod h1:J7Y8YcW2NihsgmVo/mv3lAwl/skON4iLHjSsI+c5H38=
github.com/google/uuid v1.3.0 h1:t6JiXgmwXMjEs8VusXIJk2BXHsn+wx8BZdTaoZ5fu7I=
github.com/google/uuid v1.3.0/go.mod h1:TIyPZe4MgqvfeYDBFedMoGGpEw/LqOeaOT+nhxU+yHo=
github.com/pip-services4/pip-services4-go/pip-services4-commons-go v0.0.0-20230628203250-06063159a2f5 h1:zqzFTpzw5IO5lxfE+rQrGVLTrvZQd9LZhFum2asxHQE=
github.com/pip-services4/pip-services4-go/pip-services4-commons-go v0.0.0-20230628203250-06063159a2f5/go.mod h1:nLoiJ/YX4OYLYPvCk5R32kjpmSRbb8LVHkEMwQQcGTI=
github.com/pip-services4/pip-services4-go/pip-services4-components-go v0.0.0-20230628203250-06063159a2f5 h1:VfXQ8dWUZbF1oKjlwGaYeY0eppuLTx7vBrc6GCMuHL4=
github.com/pip-services4/pip-services4-go/pip-services4-components-go v0.0.0-20230628203250-06063159a2f5/go.mod h1:aaUai6hws7dW2IbpGbKCcTrY9sV2hcU7NehIP4DLhFQ=
github.com/pip-services4/pip-services4-go/pip-services4-config-go v0.0.0-20230628203250-06063159a2f5 h1:l0hISUitkYowbTISu5sNCGBPB7zH+TqoxAjCNURF0rM=
github.com/pip-services4/pip-services4-go/pip-services4-config-go v0.0.0-20230628203250-06063159a2f5/go.mod h1:OwefuH4IkHt6GHmZQ+57Mgz+jC6JwME99NfNudrh1eE=
github.com/pip-services4/pip-services4-go/pip-services4-container-go v0.0.0-20230628203250-06063159a2f5 h1:ov9PjjVMquTqdUA7lNVvWzu0FamsAtR4mFY54/ycUe8=
github.com/pip-services4/pip-services4-go/pip-services4-container-go v0.0.0-20230628203250-06063159a2f5/go.mod h1:q/Rv71fJL4+l9xZjTgYGmHLGT5U3whnYW8HYzU6G67Q=
github.com/pip-services4/pip-services4-go/pip-services4-data-go v0.0.0-20230628203250-06063159a2f5 h1:QxoWuc201RI96aCbmLIAw41wQB+1JVGTitLY9RTwF8c=
github.com/pip-services4/pip-services4-go/pip-services4-data-go v0.0.0-20230628203250-06063159a2f5/go.mod h1:r87dnCIXGPbwtKUqXv4aDYL2P87ftyevudtVCTwJpXU=
github.com/pip-services4/pip-services4-go/pip-services4-expressions-go v0.0.0-20230621165553-e2896e10dc3d h1:JE/oFJ3SZ7kcvxJ/aml1BgdHUNgx0W+VwOBAzC0d1aY=
github.com/pip-services4/pip-services4-go/pip-services4-expressions-go v0.0.0-20230621165553-e2896e10dc3d/go.mod h1:GuAalaDAXVKQDKJlyLxRwk/NMEeRdZ1DUKqfL7mr4vU=
github.com/pip-services4/pip-services4-go/pip-services4-http-go v0.0.0-20230628203250-06063159a2f5 h1:N2ZwR1/cZgcZ+6i9L0PBjL3dR0IU1yiJFLQGrvvsvTE=
github.com/pip-services4/pip-services4-go/pip-services4-http-go v0.0.0-20230628203250-06063159a2f5/go.mod h1:wD1r/omSXqPHSMPYnV2o17M9KDTrMddRuy9Sy/ekZ50=
github.com/pip-services4/pip-services4-go/pip-services4-logic-go v0.0.0-20230620175345-bff0d7e12965 h1:qrGWebZ0pKYXrA6pH81mvt1quGDghMWKE3kwkL6MZwU=
github.com/pip-services4/pip-services4-go/pip-services4-logic-go v0.0.0-20230620175345-bff0d7e12965/go.mod h1:PcQVFXGFZ4VTZ+T9tNJRJJdoFBIIlbkt9OND/ebBWp4=
github.com/pip-services4/pip-services4-go/pip-services4-observability-go v0.0.0-20230628203250-06063159a2f5 h1:Q+Af335rrF2iSwvyTLU7bPbyPW8qjVI6jXjwafi1niU=
github.com/pip-services4/pip-services4-go/pip-services4-observability-go v0.0.0-20230628203250-06063159a2f5/go.mod h1:dO1hM159yjR9qrcHB3aTJjl7Z27/k7vlukDNM5ARo4U=
github.com/pip-services4/pip-services4-go/pip-services4-rpc-go v0.0.0-20230628203250-06063159a2f5 h1:ac/O/64BEnrM3o03mbdjEPLE8QSSO7yzb1racSukTUQ=
github.com/pip-services4/pip-services4-go/pip-services4-rpc-go v0.0.0-20230628203250-06063159a2f5/go.mod h1:6lTyUf0vw3Dxw6KglOefioeSZ3PXC9gRtHF67G8zzpY=
github.com/pmezard/go-difflib v1.0.0 h1:4DBwDE0NGyQoBHbLQYPwSUPoCMWR5BEzIk/f1lZbAQM=
github.com/pmezard/go-difflib v1.0.0/go.mod h1:iKH77koFhYxTK1pcRnkKkqfTogsbg7gZNVY4sRDYZ/4=
github.com/rs/cors v1.9.0 h1:l9HGsTsHJcvW14Nk7J9KFz8bzeAWXn3CG6bgt7LsrAE=
github.com/rs/cors v1.9.0/go.mod h1:XyqrcTp5zjWr1wsJ8PIRZssZ8b/WMcMf71DJnit4EMU=
github.com/stretchr/testify v1.8.4 h1:CcVxjf3Q8PM0mHUKJCdn+eZZtm5yQwehR5yeSVQQcUk=
github.com/stretchr/testify v1.8.4/go.mod h1:sz/lmYIOXD/1dqDmKjjqLyZ2RngseejIcXlSw2iwfAo=
goji.io v2.0.2+incompatible h1:uIssv/elbKRLznFUy3Xj4+2Mz/qKhek/9aZQDUMae7c=
goji.io v2.0.2+incompatible/go.mod h1:sbqFwrtqZACxLBTQcdgVjFh54yGVCvwq8+w49MVMMIk=
gopkg.in/check.v1 v0.0.0-20161208181325-20d25e280405 h1:yhCVgyC4o1eVCa2tZl7eS0r+SDo693bJlVdllGtEeKM=
gopkg.in/check.v1 v0.0.0-20161208181325-20d25e280405/go.mod h1:Co6ibVJAznAaIkqp8huTwlJQCZ016jof/cbN4VW5Yz0=
gopkg.in/yaml.v2 v2.4.0 h1:D8xgwECY7CYvx+Y2n4sBz93Jn9JRvxdiyyo8CTfuKaY=
gopkg.in/yaml.v2 v2.4.0/go.mod h1:RDklbk79AGWmwhnvt/jBztapEOGDOx6ZbXqjP6csGnQ=
gopkg.in/yaml.v3 v3.0.1 h1:fxVm/GzAzEWqLHuvctI91KS9hhNmmWOoWu0XTYJS7CA=
gopkg.in/yaml.v3 v3.0.1/go.mod h1:K4uyk7z7BCEPqu6E+C64Yfv1cQ7kz7rIZviUmN+EgEM=
