github.com/davecgh/go-spew v1.1.1 h1:vj9j/u1bqnvCEfJOwUhtlOARqs3+rkHYY13jYWTU97c=
github.com/davecgh/go-spew v1.1.1/go.mod h1:J7Y8YcW2NihsgmVo/mv3lAwl/skON4iLHjSsI+c5H38=
github.com/google/uuid v1.3.0 h1:t6JiXgmwXMjEs8VusXIJk2BXHsn+wx8BZdTaoZ5fu7I=
github.com/google/uuid v1.3.0/go.mod h1:TIyPZe4MgqvfeYDBFedMoGGpEw/LqOeaOT+nhxU+yHo=
github.com/jinzhu/copier v0.3.5 h1:GlvfUwHk62RokgqVNvYsku0TATCF7bAHVwEXoBh3iJg=
github.com/jinzhu/copier v0.3.5/go.mod h1:DfbEm0FYsaqBcKcFuvmOZb218JkPGtvSHsKg8S8hyyg=
github.com/mattn/go-sqlite3 v1.14.17 h1:mCRHCLDUBXgpKAqIKsaAaAsrAlbkeomtRFKXh2L6YIM=
github.com/mattn/go-sqlite3 v1.14.17/go.mod h1:2eHXhiwb8IkHr+BDWZGa96P6+rkvnG63S2DGjv9HUNg=
github.com/pip-services4/pip-services4-go/pip-services4-commons-go v0.0.0-20230719160103-240bc0c1728c h1:xYeNl10a6omGzYavbI+Zz0fKiuk4tgmolwqGbc7a1cA=
github.com/pip-services4/pip-services4-go/pip-services4-commons-go v0.0.0-20230719160103-240bc0c1728c/go.mod h1:nLoiJ/YX4OYLYPvCk5R32kjpmSRbb8LVHkEMwQQcGTI=
github.com/pip-services4/pip-services4-go/pip-services4-components-go v0.0.0-20230719160103-240bc0c1728c h1:cYFDaIQTwo/XWB0xgrJ9dNiWAgs3ACKExU+HIINxLBA=
github.com/pip-services4/pip-services4-go/pip-services4-components-go v0.0.0-20230719160103-240bc0c1728c/go.mod h1:aaUai6hws7dW2IbpGbKCcTrY9sV2hcU7NehIP4DLhFQ=
github.com/pip-services4/pip-services4-go/pip-services4-config-go v0.0.0-20230719160103-240bc0c1728c h1:RzmEU8qaiZYeUg8KcW28iQO1jrrfk8gIhdDJTpCL2WE=
github.com/pip-services4/pip-services4-go/pip-services4-config-go v0.0.0-20230719160103-240bc0c1728c/go.mod h1:OwefuH4IkHt6GHmZQ+57Mgz+jC6JwME99NfNudrh1eE=
github.com/pip-services4/pip-services4-go/pip-services4-data-go v0.0.0-20230719160103-240bc0c1728c h1:J95yC6v1QCUY4xVBAqXchPe497JicG2cm2DdPuaaUtg=
github.com/pip-services4/pip-services4-go/pip-services4-data-go v0.0.0-20230719160103-240bc0c1728c/go.mod h1:r87dnCIXGPbwtKUqXv4aDYL2P87ftyevudtVCTwJpXU=
github.com/pip-services4/pip-services4-go/pip-services4-observability-go v0.0.0-20230719160103-240bc0c1728c h1:8E61dT62o9l4+l6DCl2RWexCPyz1QSze1jLk3PrHEFY=
github.com/pip-services4/pip-services4-go/pip-services4-observability-go v0.0.0-20230719160103-240bc0c1728c/go.mod h1:dO1hM159yjR9qrcHB3aTJjl7Z27/k7vlukDNM5ARo4U=
github.com/pip-services4/pip-services4-go/pip-services4-persistence-go v0.0.0-20230719160103-240bc0c1728c h1:MTbEEJCA6k9TVu7oLz/8Oj5UtSsuJFpCKjmbhmRW1tI=
github.com/pip-services4/pip-services4-go/pip-services4-persistence-go v0.0.0-20230719160103-240bc0c1728c/go.mod h1:rudzt4YXGKsgPHWERH8KPMahgLrUtOHE5rnHhnHSty4=
github.com/pmezard/go-difflib v1.0.0 h1:4DBwDE0NGyQoBHbLQYPwSUPoCMWR5BEzIk/f1lZbAQM=
github.com/pmezard/go-difflib v1.0.0/go.mod h1:iKH77koFhYxTK1pcRnkKkqfTogsbg7gZNVY4sRDYZ/4=
github.com/stretchr/testify v1.8.4 h1:CcVxjf3Q8PM0mHUKJCdn+eZZtm5yQwehR5yeSVQQcUk=
github.com/stretchr/testify v1.8.4/go.mod h1:sz/lmYIOXD/1dqDmKjjqLyZ2RngseejIcXlSw2iwfAo=
gopkg.in/check.v1 v0.0.0-20161208181325-20d25e280405 h1:yhCVgyC4o1eVCa2tZl7eS0r+SDo693bJlVdllGtEeKM=
gopkg.in/check.v1 v0.0.0-20161208181325-20d25e280405/go.mod h1:Co6ibVJAznAaIkqp8huTwlJQCZ016jof/cbN4VW5Yz0=
gopkg.in/yaml.v3 v3.0.1 h1:fxVm/GzAzEWqLHuvctI91KS9hhNmmWOoWu0XTYJS7CA=
gopkg.in/yaml.v3 v3.0.1/go.mod h1:K4uyk7z7BCEPqu6E+C64Yfv1cQ7kz7rIZviUmN+EgEM=
