github.com/davecgh/go-spew v1.1.1 h1:vj9j/u1bqnvCEfJOwUhtlOARqs3+rkHYY13jYWTU97c=
github.com/davecgh/go-spew v1.1.1/go.mod h1:J7Y8YcW2NihsgmVo/mv3lAwl/skON4iLHjSsI+c5H38=
github.com/google/uuid v1.6.0 h1:NIvaJDMOsjHA8n1jAhLSgzrAzy1Hgr+hNrb57e+94F0=
github.com/google/uuid v1.6.0/go.mod h1:TIyPZe4MgqvfeYDBFedMoGGpEw/LqOeaOT+nhxU+yHo=
github.com/klauspost/compress v1.17.8 h1:YcnTYrq7MikUT7k0Yb5eceMmALQPYBW/Xltxn0NAMnU=
github.com/klauspost/compress v1.17.8/go.mod h1:Di0epgTjJY877eYKx5yC51cX2A2Vl2ibi7bDH9ttBbw=
github.com/kr/pretty v0.1.0 h1:L/CwN0zerZDmRFUapSPitk6f+Q3+0za1rQkzVuMiMFI=
github.com/kr/pretty v0.1.0/go.mod h1:dAy3ld7l9f0ibDNOQOHHMYYIIbhfbHSm3C4ZsoJORNo=
github.com/kr/pty v1.1.1/go.mod h1:pFQYn66WHrOpPYNljwOMqo10TkYh1fy3cYio2l3bCsQ=
github.com/kr/text v0.1.0 h1:45sCR5RtlFHMR4UwH9sdQ5TC8v0qDQCHnXt+kaKSTVE=
github.com/kr/text v0.1.0/go.mod h1:4Jbv+DJW3UT/LiOwJeYQe1efqtUx/iVham/4vfdArNI=
github.com/nats-io/nats.go v1.37.0 h1:07rauXbVnnJvv1gfIyghFEo6lUcYRY0WXc3x7x0vUxE=
github.com/nats-io/nats.go v1.37.0/go.mod h1:Ubdu4Nh9exXdSz0RVWRFBbRfrbSxOYd26oF0wkWclB8=
github.com/nats-io/nkeys v0.4.7 h1:RwNJbbIdYCoClSDNY7QVKZlyb/wfT6ugvFCiKy6vDvI=
github.com/nats-io/nkeys v0.4.7/go.mod h1:kqXRgRDPlGy7nGaEDMuYzmiJCIAAWDK0IMBtDmGD0nc=
github.com/nats-io/nuid v1.0.1 h1:5iA8DT8V7q8WK2EScv2padNa/rTESc1KdnPw4TC2paw=
github.com/nats-io/nuid v1.0.1/go.mod h1:19wcPz3Ph3q0Jbyiqsd0kePYG7A95tJPxeL+1OSON2c=
github.com/pip-services4/pip-services4-go/pip-services4-commons-go v0.0.2-6 h1:6MvaiszKry0CrY2QnZBVNxugU2tWSjVzRkrUKXa13SI=
github.com/pip-services4/pip-services4-go/pip-services4-commons-go v0.0.2-6/go.mod h1:6NMOadu9yGRKaTeSkRKoS826r5LK8pNwAYdIOYk1Ung=
github.com/pip-services4/pip-services4-go/pip-services4-components-go v0.0.2-4 h1:ZRwPeOlJ+xL9n8S0E+n1JiCq7eIY5MUKif9s2fwvs6M=
github.com/pip-services4/pip-services4-go/pip-services4-components-go v0.0.2-4/go.mod h1:6eBkgGaUCnfKzz7Jg2DDE+lud2B7faT2SH0G/Wji+E4=
github.com/pip-services4/pip-services4-go/pip-services4-config-go v0.0.2-5 h1:hFIA1+n7PEM6+JwUpK6Lfw3qH15r4150ZxVbENZGdSI=
github.com/pip-services4/pip-services4-go/pip-services4-config-go v0.0.2-5/go.mod h1:PUcFnTXgYIKoAc0IQI/4DKaOnAP8TL0ry19D2xEkVWw=
github.com/pip-services4/pip-services4-go/pip-services4-data-go v0.0.2-4 h1:mXT8I5V/bsZUpteafiGHuEgZcm4elcC/RaYjSOnIjxU=
github.com/pip-services4/pip-services4-go/pip-services4-data-go v0.0.2-4/go.mod h1:sbupJ5KSdNpCXXglXVy/73PUIpMq/N6Ac2nW9Ater1g=
github.com/pip-services4/pip-services4-go/pip-services4-messaging-go v0.0.4-7 h1:bP5bhRXTwD0VKStZZc3BXqNmD4uO9UGB8fSyN3zhSxc=
github.com/pip-services4/pip-services4-go/pip-services4-messaging-go v0.0.4-7/go.mod h1:Pc/555OyIZNTsi7nj1LMgA5jhubf/umH1SAmLKy5eFg=
github.com/pip-services4/pip-services4-go/pip-services4-observability-go v0.0.3-6 h1:VVx9B0n7voFyUpU8OfWLdGu58lCHPukvfb/rVBMMMsU=
github.com/pip-services4/pip-services4-go/pip-services4-observability-go v0.0.3-6/go.mod h1:DKFqs9Xk78hfW372wijSdSqv7p9yhtNBQmhfGSGnVko=
github.com/pmezard/go-difflib v1.0.0 h1:4DBwDE0NGyQoBHbLQYPwSUPoCMWR5BEzIk/f1lZbAQM=
github.com/pmezard/go-difflib v1.0.0/go.mod h1:iKH77koFhYxTK1pcRnkKkqfTogsbg7gZNVY4sRDYZ/4=
github.com/stretchr/testify v1.11.1 h1:7s2iGBzp5EwR7/aIZr8ao5+dra3wiQyKjjFuvgVKu7U=
github.com/stretchr/testify v1.11.1/go.mod h1:wZwfW3scLgRK+23gO65QZefKpKQRnfz6sD981Nm4B6U=
golang.org/x/crypto v0.23.0 h1:dIJU/v2J8Mdglj/8rJ6UUOM3Zc9zLZxVZwwxMooUSAI=
golang.org/x/crypto v0.23.0/go.mod h1:CKFgDieR+mRhux2Lsu27y0fO304Db0wZe70UKqHu0v8=
golang.org/x/sys v0.20.0 h1:Od9JTbYCk261bKm4M/mw7AklTlFYIa0bIp9BgSm1S8Y=
golang.org/x/sys v0.20.0/go.mod h1:/VUhepiaJMQUp4+oa/7Zr1D23ma6VTLIYjOOTFZPUcA=
gopkg.in/check.v1 v0.0.0-20161208181325-20d25e280405/go.mod h1:Co6ibVJAznAaIkqp8huTwlJQCZ016jof/cbN4VW5Yz0=
gopkg.in/check.v1 v1.0.0-20180628173108-788fd7840127 h1:qIbj1fsPNlZgppZ+VLlY7N33q108Sa+fhmuc+sWQYwY=
gopkg.in/check.v1 v1.0.0-20180628173108-788fd7840127/go.mod h1:Co6ibVJAznAaIkqp8huTwlJQCZ016jof/cbN4VW5Yz0=
gopkg.in/yaml.v3 v3.0.1 h1:fxVm/GzAzEWqLHuvctI91KS9hhNmmWOoWu0XTYJS7CA=
gopkg.in/yaml.v3 v3.0.1/go.mod h1:K4uyk7z7BCEPqu6E+C64Yfv1cQ7kz7rIZviUmN+EgEM=
