github.com/davecgh/go-spew v1.1.1 h1:vj9j/u1bqnvCEfJOwUhtlOARqs3+rkHYY13jYWTU97c=
github.com/davecgh/go-spew v1.1.1/go.mod h1:J7Y8YcW2NihsgmVo/mv3lAwl/skON4iLHjSsI+c5H38=
github.com/pip-services4/pip-services4-go/pip-services4-commons-go v0.0.1-2 h1:RVkMACgpjRLaVsw4tSiiQTRlcZr93mE6bWGJVB7Zp8E=
github.com/pip-services4/pip-services4-go/pip-services4-commons-go v0.0.1-2/go.mod h1:nLoiJ/YX4OYLYPvCk5R32kjpmSRbb8LVHkEMwQQcGTI=
github.com/pip-services4/pip-services4-go/pip-services4-components-go v0.0.1-2 h1:iBd1h+A8AdsDZxRM98H14hVIFcJm62OqkS2JqA3Sg2w=
github.com/pip-services4/pip-services4-go/pip-services4-components-go v0.0.1-2/go.mod h1:aaUai6hws7dW2IbpGbKCcTrY9sV2hcU7NehIP4DLhFQ=
github.com/pip-services4/pip-services4-go/pip-services4-config-go v0.0.0-20240325121312-3b0195749a25 h1:dcrqJUHwY0mXEVh2FavyUNuE9t0M0RCuktZWdTUy/0k=
github.com/pip-services4/pip-services4-go/pip-services4-config-go v0.0.0-20240325121312-3b0195749a25/go.mod h1:OwefuH4IkHt6GHmZQ+57Mgz+jC6JwME99NfNudrh1eE=
github.com/pip-services4/pip-services4-go/pip-services4-expressions-go v0.0.0-20230621165553-e2896e10dc3d h1:JE/oFJ3SZ7kcvxJ/aml1BgdHUNgx0W+VwOBAzC0d1aY=
github.com/pip-services4/pip-services4-go/pip-services4-expressions-go v0.0.0-20230621165553-e2896e10dc3d/go.mod h1:GuAalaDAXVKQDKJlyLxRwk/NMEeRdZ1DUKqfL7mr4vU=
github.com/pip-services4/pip-services4-go/pip-services4-logic-go v0.0.1-3 h1:P9zGSmnY7KKEaxf1K8n88mZtynyfM3XR0+PjztdjHrY=
github.com/pip-services4/pip-services4-go/pip-services4-logic-go v0.0.1-3/go.mod h1:qr6DEpN0D4TS1w+VZu6dx5VHNFo/XN5l/q2OTcK8DJo=
github.com/pip-services4/pip-services4-go/pip-services4-observability-go v0.0.1-3 h1:J9oNdirAcSFu2ktc/AWXJD2wfUCF2M6rHnI4N7l48kY=
github.com/pip-services4/pip-services4-go/pip-services4-observability-go v0.0.1-3/go.mod h1:b7zuaDOKLphzPozlynIq/Ub7HzgFqzozdSWPabT/bpc=
github.com/pmezard/go-difflib v1.0.0 h1:4DBwDE0NGyQoBHbLQYPwSUPoCMWR5BEzIk/f1lZbAQM=
github.com/pmezard/go-difflib v1.0.0/go.mod h1:iKH77koFhYxTK1pcRnkKkqfTogsbg7gZNVY4sRDYZ/4=
github.com/stretchr/testify v1.8.4 h1:CcVxjf3Q8PM0mHUKJCdn+eZZtm5yQwehR5yeSVQQcUk=
github.com/stretchr/testify v1.8.4/go.mod h1:sz/lmYIOXD/1dqDmKjjqLyZ2RngseejIcXlSw2iwfAo=
gopkg.in/check.v1 v0.0.0-20161208181325-20d25e280405 h1:yhCVgyC4o1eVCa2tZl7eS0r+SDo693bJlVdllGtEeKM=
gopkg.in/check.v1 v0.0.0-20161208181325-20d25e280405/go.mod h1:Co6ibVJAznAaIkqp8huTwlJQCZ016jof/cbN4VW5Yz0=
gopkg.in/yaml.v2 v2.4.0 h1:D8xgwECY7CYvx+Y2n4sBz93Jn9JRvxdiyyo8CTfuKaY=
gopkg.in/yaml.v2 v2.4.0/go.mod h1:RDklbk79AGWmwhnvt/jBztapEOGDOx6ZbXqjP6csGnQ=
gopkg.in/yaml.v3 v3.0.1 h1:fxVm/GzAzEWqLHuvctI91KS9hhNmmWOoWu0XTYJS7CA=
gopkg.in/yaml.v3 v3.0.1/go.mod h1:K4uyk7z7BCEPqu6E+C64Yfv1cQ7kz7rIZviUmN+EgEM=
