github.com/davecgh/go-spew v1.1.1 h1:vj9j/u1bqnvCEfJOwUhtlOARqs3+rkHYY13jYWTU97c=
github.com/davecgh/go-spew v1.1.1/go.mod h1:J7Y8YcW2NihsgmVo/mv3lAwl/skON4iLHjSsI+c5H38=
github.com/eclipse/paho.mqtt.golang v1.4.3 h1:2kwcUGn8seMUfWndX0hGbvH8r7crgcJguQNCyp70xik=
github.com/eclipse/paho.mqtt.golang v1.4.3/go.mod h1:CSYvoAlsMkhYOXh/oKyxa8EcBci6dVkLCbo5tTC1RIE=
github.com/google/uuid v1.3.0 h1:t6JiXgmwXMjEs8VusXIJk2BXHsn+wx8BZdTaoZ5fu7I=
github.com/google/uuid v1.3.0/go.mod h1:TIyPZe4MgqvfeYDBFedMoGGpEw/LqOeaOT+nhxU+yHo=
github.com/gorilla/websocket v1.5.0 h1:PPwGk2jz7EePpoHN/+ClbZu8SPxiqlu12wZP/3sWmnc=
github.com/gorilla/websocket v1.5.0/go.mod h1:YR8l580nyteQvAITg2hZ9XVh4b55+EU/adAjf1fMHhE=
github.com/pip-services4/pip-services4-go/pip-services4-commons-go v0.0.0-20230714192537-504cee138e02 h1:29C6G497qNK7ObT16PxJHterMEKssxOeSVq8AAvik2w=
github.com/pip-services4/pip-services4-go/pip-services4-commons-go v0.0.0-20230714192537-504cee138e02/go.mod h1:nLoiJ/YX4OYLYPvCk5R32kjpmSRbb8LVHkEMwQQcGTI=
github.com/pip-services4/pip-services4-go/pip-services4-components-go v0.0.0-20230714192537-504cee138e02 h1:Yvl6Hn2mJ4EY8ia/+Dnd2bIg9Vd0gyyeLkPWlzA7e0A=
github.com/pip-services4/pip-services4-go/pip-services4-components-go v0.0.0-20230714192537-504cee138e02/go.mod h1:aaUai6hws7dW2IbpGbKCcTrY9sV2hcU7NehIP4DLhFQ=
github.com/pip-services4/pip-services4-go/pip-services4-config-go v0.0.0-20230714192537-504cee138e02 h1:Bq80efeBAQPudIGmjq2kup/75RTE3V6tBeRGEkHuU1c=
github.com/pip-services4/pip-services4-go/pip-services4-config-go v0.0.0-20230714192537-504cee138e02/go.mod h1:OwefuH4IkHt6GHmZQ+57Mgz+jC6JwME99NfNudrh1eE=
github.com/pip-services4/pip-services4-go/pip-services4-data-go v0.0.0-20230714192537-504cee138e02 h1:KUIVVi805BSsYaEBL8IlSTfNPFe1bcILSbInz55YzLo=
github.com/pip-services4/pip-services4-go/pip-services4-data-go v0.0.0-20230714192537-504cee138e02/go.mod h1:r87dnCIXGPbwtKUqXv4aDYL2P87ftyevudtVCTwJpXU=
github.com/pip-services4/pip-services4-go/pip-services4-messaging-go v0.0.0-20230714192537-504cee138e02 h1:7Lc/+KdSXjmepM3aJPWPCVY0evA40G+IzsROmVk4ShI=
github.com/pip-services4/pip-services4-go/pip-services4-messaging-go v0.0.0-20230714192537-504cee138e02/go.mod h1:M2gjoS1TFgdzADunXX8bLyQ8hK9/g6geOaPLLnr7k0g=
github.com/pip-services4/pip-services4-go/pip-services4-observability-go v0.0.0-20230714192537-504cee138e02 h1:nBOxl9hoAzGt4fW6nwxcOX2xeVG/lTFTZ3gvEnMjYfk=
github.com/pip-services4/pip-services4-go/pip-services4-observability-go v0.0.0-20230714192537-504cee138e02/go.mod h1:dO1hM159yjR9qrcHB3aTJjl7Z27/k7vlukDNM5ARo4U=
github.com/pmezard/go-difflib v1.0.0 h1:4DBwDE0NGyQoBHbLQYPwSUPoCMWR5BEzIk/f1lZbAQM=
github.com/pmezard/go-difflib v1.0.0/go.mod h1:iKH77koFhYxTK1pcRnkKkqfTogsbg7gZNVY4sRDYZ/4=
github.com/stretchr/testify v1.8.4 h1:CcVxjf3Q8PM0mHUKJCdn+eZZtm5yQwehR5yeSVQQcUk=
github.com/stretchr/testify v1.8.4/go.mod h1:sz/lmYIOXD/1dqDmKjjqLyZ2RngseejIcXlSw2iwfAo=
golang.org/x/net v0.8.0 h1:Zrh2ngAOFYneWTAIAPethzeaQLuHwhuBkuV6ZiRnUaQ=
golang.org/x/net v0.8.0/go.mod h1:QVkue5JL9kW//ek3r6jTKnTFis1tRmNAW2P1shuFdJc=
golang.org/x/sync v0.1.0 h1:wsuoTGHzEhffawBOhz5CYhcrV4IdKZbEyZjBMuTp12o=
golang.org/x/sync v0.1.0/go.mod h1:RxMgew5VJxzue5/jJTE5uejpjVlOe/izrB70Jof72aM=
gopkg.in/check.v1 v0.0.0-20161208181325-20d25e280405 h1:yhCVgyC4o1eVCa2tZl7eS0r+SDo693bJlVdllGtEeKM=
gopkg.in/check.v1 v0.0.0-20161208181325-20d25e280405/go.mod h1:Co6ibVJAznAaIkqp8huTwlJQCZ016jof/cbN4VW5Yz0=
gopkg.in/yaml.v3 v3.0.1 h1:fxVm/GzAzEWqLHuvctI91KS9hhNmmWOoWu0XTYJS7CA=
gopkg.in/yaml.v3 v3.0.1/go.mod h1:K4uyk7z7BCEPqu6E+C64Yfv1cQ7kz7rIZviUmN+EgEM=
