github.com/davecgh/go-spew v1.1.1 h1:vj9j/u1bqnvCEfJOwUhtlOARqs3+rkHYY13jYWTU97c=
github.com/davecgh/go-spew v1.1.1/go.mod h1:J7Y8YcW2NihsgmVo/mv3lAwl/skON4iLHjSsI+c5H38=
github.com/google/uuid v1.3.0 h1:t6JiXgmwXMjEs8VusXIJk2BXHsn+wx8BZdTaoZ5fu7I=
github.com/google/uuid v1.3.0/go.mod h1:TIyPZe4MgqvfeYDBFedMoGGpEw/LqOeaOT+nhxU+yHo=
github.com/pip-services4/pip-services4-go/pip-services4-commons-go v0.0.0-20230718223218-324e02c9397f h1:ISPu6Q4rDlx30c7BoGJAy0HIjxvWVYePgLu5d/EZ2cI=
github.com/pip-services4/pip-services4-go/pip-services4-commons-go v0.0.0-20230718223218-324e02c9397f/go.mod h1:nLoiJ/YX4OYLYPvCk5R32kjpmSRbb8LVHkEMwQQcGTI=
github.com/pip-services4/pip-services4-go/pip-services4-components-go v0.0.0-20230718223218-324e02c9397f h1:JJI1kr0wdviejrqJkqNLnd9cQNBe+XMktFBGDQ5ziYU=
github.com/pip-services4/pip-services4-go/pip-services4-components-go v0.0.0-20230718223218-324e02c9397f/go.mod h1:aaUai6hws7dW2IbpGbKCcTrY9sV2hcU7NehIP4DLhFQ=
github.com/pip-services4/pip-services4-go/pip-services4-config-go v0.0.0-20230718223218-324e02c9397f h1:+9DknDBcIUn7tICtKLNMn/dY/7qA0+XyOlLhvlFgsYs=
github.com/pip-services4/pip-services4-go/pip-services4-config-go v0.0.0-20230718223218-324e02c9397f/go.mod h1:OwefuH4IkHt6GHmZQ+57Mgz+jC6JwME99NfNudrh1eE=
github.com/pip-services4/pip-services4-go/pip-services4-data-go v0.0.0-20230718223218-324e02c9397f h1:+q926AdZmTcq4wddvvlh7V7EZQHXn+jPB15MGnQXhRU=
github.com/pip-services4/pip-services4-go/pip-services4-data-go v0.0.0-20230718223218-324e02c9397f/go.mod h1:r87dnCIXGPbwtKUqXv4aDYL2P87ftyevudtVCTwJpXU=
github.com/pip-services4/pip-services4-go/pip-services4-messaging-go v0.0.0-20230718221839-9a99c0eddd41 h1:nvONRH+Pl2U+p8Rj+zyRJyBWWBisfna3WAcOglnZOUo=
github.com/pip-services4/pip-services4-go/pip-services4-messaging-go v0.0.0-20230718221839-9a99c0eddd41/go.mod h1:M2gjoS1TFgdzADunXX8bLyQ8hK9/g6geOaPLLnr7k0g=
github.com/pip-services4/pip-services4-go/pip-services4-observability-go v0.0.0-20230620202842-b20bf5a6f7c9 h1:+xrjfQM6AMDgajdbdKllMsVhxCQLeGQjEAYJNBYjwfA=
github.com/pip-services4/pip-services4-go/pip-services4-observability-go v0.0.0-20230620202842-b20bf5a6f7c9/go.mod h1:dO1hM159yjR9qrcHB3aTJjl7Z27/k7vlukDNM5ARo4U=
github.com/pmezard/go-difflib v1.0.0 h1:4DBwDE0NGyQoBHbLQYPwSUPoCMWR5BEzIk/f1lZbAQM=
github.com/pmezard/go-difflib v1.0.0/go.mod h1:iKH77koFhYxTK1pcRnkKkqfTogsbg7gZNVY4sRDYZ/4=
github.com/streadway/amqp v1.1.0 h1:py12iX8XSyI7aN/3dUT8DFIDJazNJsVJdxNVEpnQTZM=
github.com/streadway/amqp v1.1.0/go.mod h1:WYSrTEYHOXHd0nwFeUXAe2G2hRnQT+deZJJf88uS9Bg=
github.com/stretchr/testify v1.8.4 h1:CcVxjf3Q8PM0mHUKJCdn+eZZtm5yQwehR5yeSVQQcUk=
github.com/stretchr/testify v1.8.4/go.mod h1:sz/lmYIOXD/1dqDmKjjqLyZ2RngseejIcXlSw2iwfAo=
gopkg.in/check.v1 v0.0.0-20161208181325-20d25e280405 h1:yhCVgyC4o1eVCa2tZl7eS0r+SDo693bJlVdllGtEeKM=
gopkg.in/check.v1 v0.0.0-20161208181325-20d25e280405/go.mod h1:Co6ibVJAznAaIkqp8huTwlJQCZ016jof/cbN4VW5Yz0=
gopkg.in/yaml.v3 v3.0.1 h1:fxVm/GzAzEWqLHuvctI91KS9hhNmmWOoWu0XTYJS7CA=
gopkg.in/yaml.v3 v3.0.1/go.mod h1:K4uyk7z7BCEPqu6E+C64Yfv1cQ7kz7rIZviUmN+EgEM=
