github.com/davecgh/go-spew v1.1.1 h1:vj9j/u1bqnvCEfJOwUhtlOARqs3+rkHYY13jYWTU97c=
github.com/davecgh/go-spew v1.1.1/go.mod h1:J7Y8YcW2NihsgmVo/mv3lAwl/skON4iLHjSsI+c5H38=
github.com/google/uuid v1.6.0 h1:NIvaJDMOsjHA8n1jAhLSgzrAzy1Hgr+hNrb57e+94F0=
github.com/google/uuid v1.6.0/go.mod h1:TIyPZe4MgqvfeYDBFedMoGGpEw/LqOeaOT+nhxU+yHo=
github.com/pip-services4/pip-services4-go/pip-services4-commons-go v0.0.2-6 h1:6MvaiszKry0CrY2QnZBVNxugU2tWSjVzRkrUKXa13SI=
github.com/pip-services4/pip-services4-go/pip-services4-commons-go v0.0.2-6/go.mod h1:6NMOadu9yGRKaTeSkRKoS826r5LK8pNwAYdIOYk1Ung=
github.com/pip-services4/pip-services4-go/pip-services4-components-go v0.0.2-4 h1:ZRwPeOlJ+xL9n8S0E+n1JiCq7eIY5MUKif9s2fwvs6M=
github.com/pip-services4/pip-services4-go/pip-services4-components-go v0.0.2-4/go.mod h1:6eBkgGaUCnfKzz7Jg2DDE+lud2B7faT2SH0G/Wji+E4=
github.com/pip-services4/pip-services4-go/pip-services4-config-go v0.0.2-5 h1:hFIA1+n7PEM6+JwUpK6Lfw3qH15r4150ZxVbENZGdSI=
github.com/pip-services4/pip-services4-go/pip-services4-config-go v0.0.2-5/go.mod h1:PUcFnTXgYIKoAc0IQI/4DKaOnAP8TL0ry19D2xEkVWw=
github.com/pip-services4/pip-services4-go/pip-services4-data-go v0.0.2-4 h1:mXT8I5V/bsZUpteafiGHuEgZcm4elcC/RaYjSOnIjxU=
github.com/pip-services4/pip-services4-go/pip-services4-data-go v0.0.2-4/go.mod h1:sbupJ5KSdNpCXXglXVy/73PUIpMq/N6Ac2nW9Ater1g=
github.com/pip-services4/pip-services4-go/pip-services4-observability-go v0.0.3-6 h1:VVx9B0n7voFyUpU8OfWLdGu58lCHPukvfb/rVBMMMsU=
github.com/pip-services4/pip-services4-go/pip-services4-observability-go v0.0.3-6/go.mod h1:DKFqs9Xk78hfW372wijSdSqv7p9yhtNBQmhfGSGnVko=
github.com/pip-services4/pip-services4-go/pip-services4-rpc-go v0.0.2-4 h1:WmC/YAgth0z5Dnp4an46zWR2M/95EIlPQIfMRee0fkE=
github.com/pip-services4/pip-services4-go/pip-services4-rpc-go v0.0.2-4/go.mod h1:ItAQqWRXOq8WV498c1cnucMimP4vVZxq6FGfoDP+O1c=
github.com/pmezard/go-difflib v1.0.0 h1:4DBwDE0NGyQoBHbLQYPwSUPoCMWR5BEzIk/f1lZbAQM=
github.com/pmezard/go-difflib v1.0.0/go.mod h1:iKH77koFhYxTK1pcRnkKkqfTogsbg7gZNVY4sRDYZ/4=
github.com/rs/cors v1.11.1 h1:eU3gRzXLRK57F5rKMGMZURNdIG4EoAmX8k94r9wXWHA=
github.com/rs/cors v1.11.1/go.mod h1:XyqrcTp5zjWr1wsJ8PIRZssZ8b/WMcMf71DJnit4EMU=
github.com/stretchr/testify v1.11.1 h1:7s2iGBzp5EwR7/aIZr8ao5+dra3wiQyKjjFuvgVKu7U=
github.com/stretchr/testify v1.11.1/go.mod h1:wZwfW3scLgRK+23gO65QZefKpKQRnfz6sD981Nm4B6U=
goji.io v2.0.2+incompatible h1:uIssv/elbKRLznFUy3Xj4+2Mz/qKhek/9aZQDUMae7c=
goji.io v2.0.2+incompatible/go.mod h1:sbqFwrtqZACxLBTQcdgVjFh54yGVCvwq8+w49MVMMIk=
gopkg.in/check.v1 v0.0.0-20161208181325-20d25e280405 h1:yhCVgyC4o1eVCa2tZl7eS0r+SDo693bJlVdllGtEeKM=
gopkg.in/check.v1 v0.0.0-20161208181325-20d25e280405/go.mod h1:Co6ibVJAznAaIkqp8huTwlJQCZ016jof/cbN4VW5Yz0=
gopkg.in/yaml.v3 v3.0.1 h1:fxVm/GzAzEWqLHuvctI91KS9hhNmmWOoWu0XTYJS7CA=
gopkg.in/yaml.v3 v3.0.1/go.mod h1:K4uyk7z7BCEPqu6E+C64Yfv1cQ7kz7rIZviUmN+EgEM=
