github.com/davecgh/go-spew v1.1.1 h1:vj9j/u1bqnvCEfJOwUhtlOARqs3+rkHYY13jYWTU97c=
github.com/davecgh/go-spew v1.1.1/go.mod h1:J7Y8YcW2NihsgmVo/mv3lAwl/skON4iLHjSsI+c5H38=
github.com/felixge/httpsnoop v1.0.1 h1:lvB5Jl89CsZtGIWuTcDM1E/vkVs49/Ml7JJe07l8SPQ=
github.com/felixge/httpsnoop v1.0.1/go.mod h1:m8KPJKqk1gH5J9DgRY2ASl2lWCfGKXixSwevea8zH2U=
github.com/google/uuid v1.3.0 h1:t6JiXgmwXMjEs8VusXIJk2BXHsn+wx8BZdTaoZ5fu7I=
github.com/google/uuid v1.3.0/go.mod h1:TIyPZe4MgqvfeYDBFedMoGGpEw/LqOeaOT+nhxU+yHo=
github.com/gorilla/handlers v1.5.1 h1:9lRY6j8DEeeBT10CvO9hGW0gmky0BprnvDI5vfhUHH4=
github.com/gorilla/handlers v1.5.1/go.mod h1:t8XrUpc4KVXb7HGyJ4/cEnwQiaxrX/hz1Zv/4g96P1Q=
github.com/gorilla/mux v1.8.0 h1:i40aqfkR1h2SlN9hojwV5ZA91wcXFOvkdNIeFDP5koI=
github.com/gorilla/mux v1.8.0/go.mod h1:DVbg23sWSpFRCP0SfiEN6jmj59UnW/n46BH5rLB71So=
github.com/pip-services4/pip-services4-go/pip-services4-commons-go v0.0.0-20230621170919-605130ef8de8 h1:a/w3LWGI2XgkhdVWUbmCe3vSH9TcXfOvPpiaMCIyAtA=
github.com/pip-services4/pip-services4-go/pip-services4-commons-go v0.0.0-20230621170919-605130ef8de8/go.mod h1:nLoiJ/YX4OYLYPvCk5R32kjpmSRbb8LVHkEMwQQcGTI=
github.com/pip-services4/pip-services4-go/pip-services4-components-go v0.0.0-20230621170919-605130ef8de8 h1:iiYTW5i+pAs8GNo5OAoMF/VFtPiAm+QfLa6F+h5uSU4=
github.com/pip-services4/pip-services4-go/pip-services4-components-go v0.0.0-20230621170919-605130ef8de8/go.mod h1:aaUai6hws7dW2IbpGbKCcTrY9sV2hcU7NehIP4DLhFQ=
github.com/pip-services4/pip-services4-go/pip-services4-config-go v0.0.0-20230621170919-605130ef8de8 h1:vhm4pGblxwUO2mL+OOjZpFcdqixBZECJzbnwjPsCh84=
github.com/pip-services4/pip-services4-go/pip-services4-config-go v0.0.0-20230621170919-605130ef8de8/go.mod h1:OwefuH4IkHt6GHmZQ+57Mgz+jC6JwME99NfNudrh1eE=
github.com/pip-services4/pip-services4-go/pip-services4-data-go v0.0.0-20230621170919-605130ef8de8 h1:zcfeMaq2pPfV6lNJn5BWLma3Hi4TBTds92+QBwwEHCM=
github.com/pip-services4/pip-services4-go/pip-services4-data-go v0.0.0-20230621170919-605130ef8de8/go.mod h1:r87dnCIXGPbwtKUqXv4aDYL2P87ftyevudtVCTwJpXU=
github.com/pip-services4/pip-services4-go/pip-services4-observability-go v0.0.0-20230621170919-605130ef8de8 h1:xVqWsmXB1JKF/NUpVwifPzZ5b0KnArxVnB39bogcd+k=
github.com/pip-services4/pip-services4-go/pip-services4-observability-go v0.0.0-20230621170919-605130ef8de8/go.mod h1:dO1hM159yjR9qrcHB3aTJjl7Z27/k7vlukDNM5ARo4U=
github.com/pip-services4/pip-services4-go/pip-services4-rpc-go v0.0.0-20230621170919-605130ef8de8 h1:3k/scsglbW1OL9T/UTV7tVZOnt1UsA+gpgiAcvxN/YM=
github.com/pip-services4/pip-services4-go/pip-services4-rpc-go v0.0.0-20230621170919-605130ef8de8/go.mod h1:6lTyUf0vw3Dxw6KglOefioeSZ3PXC9gRtHF67G8zzpY=
github.com/pmezard/go-difflib v1.0.0 h1:4DBwDE0NGyQoBHbLQYPwSUPoCMWR5BEzIk/f1lZbAQM=
github.com/pmezard/go-difflib v1.0.0/go.mod h1:iKH77koFhYxTK1pcRnkKkqfTogsbg7gZNVY4sRDYZ/4=
github.com/stretchr/testify v1.8.4 h1:CcVxjf3Q8PM0mHUKJCdn+eZZtm5yQwehR5yeSVQQcUk=
github.com/stretchr/testify v1.8.4/go.mod h1:sz/lmYIOXD/1dqDmKjjqLyZ2RngseejIcXlSw2iwfAo=
gopkg.in/check.v1 v0.0.0-20161208181325-20d25e280405 h1:yhCVgyC4o1eVCa2tZl7eS0r+SDo693bJlVdllGtEeKM=
gopkg.in/check.v1 v0.0.0-20161208181325-20d25e280405/go.mod h1:Co6ibVJAznAaIkqp8huTwlJQCZ016jof/cbN4VW5Yz0=
gopkg.in/yaml.v3 v3.0.1 h1:fxVm/GzAzEWqLHuvctI91KS9hhNmmWOoWu0XTYJS7CA=
gopkg.in/yaml.v3 v3.0.1/go.mod h1:K4uyk7z7BCEPqu6E+C64Yfv1cQ7kz7rIZviUmN+EgEM=
