github.com/aws/aws-lambda-go v1.54.0 h1:EGYpdyRGF88xszqlGcBewz811mJeRS+maNlLZXFheII=
github.com/aws/aws-lambda-go v1.54.0/go.mod h1:dpMpZgvWx5vuQJfBt0zqBha60q7Dd7RfgJv23DymV8A=
github.com/aws/aws-sdk-go v1.55.8 h1:JRmEUbU52aJQZ2AjX4q4Wu7t4uZjOu71uyNmaWlUkJQ=
github.com/aws/aws-sdk-go v1.55.8/go.mod h1:ZkViS9AqA6otK+JBBNH2++sx1sgxrPKcSzPPvQkUtXk=
github.com/davecgh/go-spew v1.1.0/go.mod h1:J7Y8YcW2NihsgmVo/mv3lAwl/skON4iLHjSsI+c5H38=
github.com/davecgh/go-spew v1.1.1 h1:vj9j/u1bqnvCEfJOwUhtlOARqs3+rkHYY13jYWTU97c=
github.com/davecgh/go-spew v1.1.1/go.mod h1:J7Y8YcW2NihsgmVo/mv3lAwl/skON4iLHjSsI+c5H38=
github.com/google/uuid v1.6.0 h1:NIvaJDMOsjHA8n1jAhLSgzrAzy1Hgr+hNrb57e+94F0=
github.com/google/uuid v1.6.0/go.mod h1:TIyPZe4MgqvfeYDBFedMoGGpEw/LqOeaOT+nhxU+yHo=
github.com/jmespath/go-jmespath v0.4.0 h1:BEgLn5cpjn8UN1mAw4NjwDrS35OdebyEtFe+9YPoQUg=
github.com/jmespath/go-jmespath v0.4.0/go.mod h1:T8mJZnbsbmF+m6zOOFylbeCJqk5+pHWvzYPziyZiYoo=
github.com/jmespath/go-jmespath/internal/testify v1.5.1 h1:shLQSRRSCCPj3f2gpwzGwWFoC7ycTf1rcQZHOlsJ6N8=
github.com/jmespath/go-jmespath/internal/testify v1.5.1/go.mod h1:L3OGu8Wl2/fWfCI6z80xFu9LTZmf1ZRjMHUOPmWr69U=
github.com/pip-services4/pip-services4-go/pip-services4-commons-go v0.0.2-6 h1:6MvaiszKry0CrY2QnZBVNxugU2tWSjVzRkrUKXa13SI=
github.com/pip-services4/pip-services4-go/pip-services4-commons-go v0.0.2-6/go.mod h1:6NMOadu9yGRKaTeSkRKoS826r5LK8pNwAYdIOYk1Ung=
github.com/pip-services4/pip-services4-go/pip-services4-components-go v0.0.2-4 h1:ZRwPeOlJ+xL9n8S0E+n1JiCq7eIY5MUKif9s2fwvs6M=
github.com/pip-services4/pip-services4-go/pip-services4-components-go v0.0.2-4/go.mod h1:6eBkgGaUCnfKzz7Jg2DDE+lud2B7faT2SH0G/Wji+E4=
github.com/pip-services4/pip-services4-go/pip-services4-config-go v0.0.2-5 h1:hFIA1+n7PEM6+JwUpK6Lfw3qH15r4150ZxVbENZGdSI=
github.com/pip-services4/pip-services4-go/pip-services4-config-go v0.0.2-5/go.mod h1:PUcFnTXgYIKoAc0IQI/4DKaOnAP8TL0ry19D2xEkVWw=
github.com/pip-services4/pip-services4-go/pip-services4-container-go v0.0.2-4 h1:tZmQVMR4usaslptdu913mK+s6/2oRvzhJ0RARxzz8yI=
github.com/pip-services4/pip-services4-go/pip-services4-container-go v0.0.2-4/go.mod h1:rxx21QPRroBhzl7+aJ5wfmy93PSEANy7TjnR9Hkvqdk=
github.com/pip-services4/pip-services4-go/pip-services4-data-go v0.0.2-4 h1:mXT8I5V/bsZUpteafiGHuEgZcm4elcC/RaYjSOnIjxU=
github.com/pip-services4/pip-services4-go/pip-services4-data-go v0.0.2-4/go.mod h1:sbupJ5KSdNpCXXglXVy/73PUIpMq/N6Ac2nW9Ater1g=
github.com/pip-services4/pip-services4-go/pip-services4-expressions-go v0.0.2-4 h1:CL54kaZjGdSESMyUVi07R4/XdO6nMxLyscvOFmS2OLg=
github.com/pip-services4/pip-services4-go/pip-services4-expressions-go v0.0.2-4/go.mod h1:IrUTFsvbfQvwD6tSn73zkgOzL3qQQUYdTjj6LZ+I5B4=
github.com/pip-services4/pip-services4-go/pip-services4-logic-go v0.0.3-6 h1:QagETCn1Vx3SFOO86GtUKgqk1WOwmNQoU43LRMOfRXs=
github.com/pip-services4/pip-services4-go/pip-services4-logic-go v0.0.3-6/go.mod h1:y3DunldjVcQRnIFHI7bPqK3Sfg+4ZtPIPh4cpKOs8nQ=
github.com/pip-services4/pip-services4-go/pip-services4-observability-go v0.0.3-6 h1:VVx9B0n7voFyUpU8OfWLdGu58lCHPukvfb/rVBMMMsU=
github.com/pip-services4/pip-services4-go/pip-services4-observability-go v0.0.3-6/go.mod h1:DKFqs9Xk78hfW372wijSdSqv7p9yhtNBQmhfGSGnVko=
github.com/pip-services4/pip-services4-go/pip-services4-rpc-go v0.0.2-4 h1:WmC/YAgth0z5Dnp4an46zWR2M/95EIlPQIfMRee0fkE=
github.com/pip-services4/pip-services4-go/pip-services4-rpc-go v0.0.2-4/go.mod h1:ItAQqWRXOq8WV498c1cnucMimP4vVZxq6FGfoDP+O1c=
github.com/pmezard/go-difflib v1.0.0 h1:4DBwDE0NGyQoBHbLQYPwSUPoCMWR5BEzIk/f1lZbAQM=
github.com/pmezard/go-difflib v1.0.0/go.mod h1:iKH77koFhYxTK1pcRnkKkqfTogsbg7gZNVY4sRDYZ/4=
github.com/stretchr/objx v0.1.0/go.mod h1:HFkY916IF+rwdDfMAkV7OtwuqBVzrE8GR6GFx+wExME=
github.com/stretchr/testify v1.11.1 h1:7s2iGBzp5EwR7/aIZr8ao5+dra3wiQyKjjFuvgVKu7U=
github.com/stretchr/testify v1.11.1/go.mod h1:wZwfW3scLgRK+23gO65QZefKpKQRnfz6sD981Nm4B6U=
gopkg.in/check.v1 v0.0.0-20161208181325-20d25e280405 h1:yhCVgyC4o1eVCa2tZl7eS0r+SDo693bJlVdllGtEeKM=
gopkg.in/check.v1 v0.0.0-20161208181325-20d25e280405/go.mod h1:Co6ibVJAznAaIkqp8huTwlJQCZ016jof/cbN4VW5Yz0=
gopkg.in/yaml.v2 v2.2.8/go.mod h1:hI93XBmqTisBFMUTm0b8Fm+jr3Dg1NNxqwp+5A1VGuI=
gopkg.in/yaml.v2 v2.4.0 h1:D8xgwECY7CYvx+Y2n4sBz93Jn9JRvxdiyyo8CTfuKaY=
gopkg.in/yaml.v2 v2.4.0/go.mod h1:RDklbk79AGWmwhnvt/jBztapEOGDOx6ZbXqjP6csGnQ=
gopkg.in/yaml.v3 v3.0.1 h1:fxVm/GzAzEWqLHuvctI91KS9hhNmmWOoWu0XTYJS7CA=
gopkg.in/yaml.v3 v3.0.1/go.mod h1:K4uyk7z7BCEPqu6E+C64Yfv1cQ7kz7rIZviUmN+EgEM=
