github.com/davecgh/go-spew v1.1.1 h1:vj9j/u1bqnvCEfJOwUhtlOARqs3+rkHYY13jYWTU97c=
github.com/davecgh/go-spew v1.1.1/go.mod h1:J7Y8YcW2NihsgmVo/mv3lAwl/skON4iLHjSsI+c5H38=
github.com/go-sql-driver/mysql v1.7.1 h1:lUIinVbN1DY0xBg0eMOzmmtGoHwWBbvnWubQUrtU8EI=
github.com/go-sql-driver/mysql v1.7.1/go.mod h1:OXbVy3sEdcQ2Doequ6Z5BW6fXNQTmx+9S1MCJN5yJMI=
github.com/google/uuid v1.3.0 h1:t6JiXgmwXMjEs8VusXIJk2BXHsn+wx8BZdTaoZ5fu7I=
github.com/google/uuid v1.3.0/go.mod h1:TIyPZe4MgqvfeYDBFedMoGGpEw/LqOeaOT+nhxU+yHo=
github.com/jinzhu/copier v0.3.5 h1:GlvfUwHk62RokgqVNvYsku0TATCF7bAHVwEXoBh3iJg=
github.com/jinzhu/copier v0.3.5/go.mod h1:DfbEm0FYsaqBcKcFuvmOZb218JkPGtvSHsKg8S8hyyg=
github.com/pip-services4/pip-services4-go/pip-services4-commons-go v0.0.0-20230714195630-0ed4d0e699f8 h1:1+Grr5Gm9IiIZlN7kXIjklP3tsN7sZWlDZYwynsjS28=
github.com/pip-services4/pip-services4-go/pip-services4-commons-go v0.0.0-20230714195630-0ed4d0e699f8/go.mod h1:nLoiJ/YX4OYLYPvCk5R32kjpmSRbb8LVHkEMwQQcGTI=
github.com/pip-services4/pip-services4-go/pip-services4-components-go v0.0.0-20230714195630-0ed4d0e699f8 h1:EBt6U8Rya+pxubziBozRDSfTvX1B5DFFtIiGbcUvdRk=
github.com/pip-services4/pip-services4-go/pip-services4-components-go v0.0.0-20230714195630-0ed4d0e699f8/go.mod h1:aaUai6hws7dW2IbpGbKCcTrY9sV2hcU7NehIP4DLhFQ=
github.com/pip-services4/pip-services4-go/pip-services4-config-go v0.0.0-20230714195630-0ed4d0e699f8 h1:05DMcGFwvUbuYE2fH/TisFSWzOi5Pu1SeFPuB5LPtKE=
github.com/pip-services4/pip-services4-go/pip-services4-config-go v0.0.0-20230714195630-0ed4d0e699f8/go.mod h1:OwefuH4IkHt6GHmZQ+57Mgz+jC6JwME99NfNudrh1eE=
github.com/pip-services4/pip-services4-go/pip-services4-data-go v0.0.0-20230714195630-0ed4d0e699f8 h1:pTZF6s46hdU+8MP+z/dQloGBfXoB/xA80TOK5yG3Pn0=
github.com/pip-services4/pip-services4-go/pip-services4-data-go v0.0.0-20230714195630-0ed4d0e699f8/go.mod h1:r87dnCIXGPbwtKUqXv4aDYL2P87ftyevudtVCTwJpXU=
github.com/pip-services4/pip-services4-go/pip-services4-observability-go v0.0.0-20230714195630-0ed4d0e699f8 h1:LN8VgV6QmbwXNuaMDvjaVV8MrIiQ1p9iS0pcNv2mFnQ=
github.com/pip-services4/pip-services4-go/pip-services4-observability-go v0.0.0-20230714195630-0ed4d0e699f8/go.mod h1:dO1hM159yjR9qrcHB3aTJjl7Z27/k7vlukDNM5ARo4U=
github.com/pip-services4/pip-services4-go/pip-services4-persistence-go v0.0.0-20230714195630-0ed4d0e699f8 h1:iBcxfIW7BIUGcSA/Rq4tyrKHcRFb9e8MIiLzXcFtlD0=
github.com/pip-services4/pip-services4-go/pip-services4-persistence-go v0.0.0-20230714195630-0ed4d0e699f8/go.mod h1:rudzt4YXGKsgPHWERH8KPMahgLrUtOHE5rnHhnHSty4=
github.com/pmezard/go-difflib v1.0.0 h1:4DBwDE0NGyQoBHbLQYPwSUPoCMWR5BEzIk/f1lZbAQM=
github.com/pmezard/go-difflib v1.0.0/go.mod h1:iKH77koFhYxTK1pcRnkKkqfTogsbg7gZNVY4sRDYZ/4=
github.com/stretchr/testify v1.8.4 h1:CcVxjf3Q8PM0mHUKJCdn+eZZtm5yQwehR5yeSVQQcUk=
github.com/stretchr/testify v1.8.4/go.mod h1:sz/lmYIOXD/1dqDmKjjqLyZ2RngseejIcXlSw2iwfAo=
gopkg.in/check.v1 v0.0.0-20161208181325-20d25e280405 h1:yhCVgyC4o1eVCa2tZl7eS0r+SDo693bJlVdllGtEeKM=
gopkg.in/check.v1 v0.0.0-20161208181325-20d25e280405/go.mod h1:Co6ibVJAznAaIkqp8huTwlJQCZ016jof/cbN4VW5Yz0=
gopkg.in/yaml.v3 v3.0.1 h1:fxVm/GzAzEWqLHuvctI91KS9hhNmmWOoWu0XTYJS7CA=
gopkg.in/yaml.v3 v3.0.1/go.mod h1:K4uyk7z7BCEPqu6E+C64Yfv1cQ7kz7rIZviUmN+EgEM=
